
Microsoft Visual Studio Solution File, Format Version 12.00
# Visual Studio Version 17
VisualStudioVersion = 17.1.32210.238
MinimumVisualStudioVersion = 10.0.40219.1
Project("{9A19103F-16F7-4668-BE54-9A1E7A4F7556}") = "NCodersWebApp", "NCodersWebApp\NCodersWebApp.csproj", "{72F8A6DD-F467-4AA1-874C-2E8492E636A4}"
EndProject
Global
	GlobalSection(SolutionConfigurationPlatforms) = preSolution
		Debug|Any CPU = Debug|Any CPU
		Release|Any CPU = Release|Any CPU
	EndGlobalSection
	GlobalSection(ProjectConfigurationPlatforms) = postSolution
		{72F8A6DD-F467-4AA1-874C-2E8492E636A4}.Debug|Any CPU.ActiveCfg = Debug|Any CPU
		{72F8A6DD-F467-4AA1-874C-2E8492E636A4}.Debug|Any CPU.Build.0 = Debug|Any CPU
		{72F8A6DD-F467-4AA1-874C-2E8492E636A4}.Release|Any CPU.ActiveCfg = Release|Any CPU
		{72F8A6DD-F467-4AA1-874C-2E8492E636A4}.Release|Any CPU.Build.0 = Release|Any CPU
	EndGlobalSection
	GlobalSection(SolutionProperties) = preSolution
		HideSolutionNode = FALSE
	EndGlobalSection
	GlobalSection(ExtensibilityGlobals) = postSolution
		SolutionGuid = {BD3342EF-BD4A-4E84-82FA-04C84779BE38}
	EndGlobalSection
EndGlobal
